
Microsoft Visual Studio Solution File, Format Version 12.00
# Visual Studio Version 17
VisualStudioVersion = 17.11.35219.272
MinimumVisualStudioVersion = 10.0.40219.1
Project("{2150E333-8FDC-42A3-9474-1A3956D46DE8}") = "src", "src", "{1354E036-8895-4D6F-A34A-C2315256FBF7}"
EndProject
Project("{9A19103F-16F7-4668-BE54-9A1E7A4F7556}") = "Companies.API", "Companies.API\Companies.API.csproj", "{1F7C2985-1BF7-4DF7-9F07-06E32422AB22}"
EndProject
Project("{9A19103F-16F7-4668-BE54-9A1E7A4F7556}") = "Companies.Shared", "Companies.Shared\Companies.Shared.csproj", "{F9C02D02-D700-4B9A-91C5-E41FB5A2DA33}"
EndProject
Project("{9A19103F-16F7-4668-BE54-9A1E7A4F7556}") = "Domain.Models", "Domain.Models\Domain.Models.csproj", "{18910DBA-344E-4399-9125-D3AE0B787A8A}"
EndProject
Project("{9A19103F-16F7-4668-BE54-9A1E7A4F7556}") = "Companies.Infrastructure", "Companies.Infrastructure\Companies.Infrastructure.csproj", "{0DC886DB-9C67-4263-A0AD-C59B2D57B524}"
EndProject
Project("{9A19103F-16F7-4668-BE54-9A1E7A4F7556}") = "Domain.Contracts", "Domain.Contracts\Domain.Contracts.csproj", "{F85AA3EC-F4F7-465B-9E4D-4435B557874E}"
EndProject
Project("{9A19103F-16F7-4668-BE54-9A1E7A4F7556}") = "Service", "Service\Service.csproj", "{CC50EF6B-D0FD-45A7-8965-FA1E3BD65B4E}"
EndProject
Project("{9A19103F-16F7-4668-BE54-9A1E7A4F7556}") = "Service.Contracts", "Service.Contracts\Service.Contracts.csproj", "{081AAACD-BD75-4A3F-AEDA-7F00E21AE075}"
EndProject
Project("{9A19103F-16F7-4668-BE54-9A1E7A4F7556}") = "Companies.Presentation", "Companies.Presentation\Companies.Presentation.csproj", "{161E141E-0C9D-40E7-A9DB-81D2FAB0D9E6}"
EndProject
Project("{2150E333-8FDC-42A3-9474-1A3956D46DE8}") = "test", "test", "{8B0FD924-5133-4598-9118-EA6B958C8015}"
EndProject
Project("{9A19103F-16F7-4668-BE54-9A1E7A4F7556}") = "Controller.Tests", "Controller.Tests\Controller.Tests.csproj", "{80403328-76E0-4272-96A2-310F856B0AC5}"
EndProject
Project("{FAE04EC0-301F-11D3-BF4B-00C04F79EFBC}") = "IntegrationTests", "IntegrationTests\IntegrationTests.csproj", "{C43A0CC5-4730-4789-B7D0-37DD158794CE}"
EndProject
Global
	GlobalSection(SolutionConfigurationPlatforms) = preSolution
		Debug|Any CPU = Debug|Any CPU
		Release|Any CPU = Release|Any CPU
	EndGlobalSection
	GlobalSection(ProjectConfigurationPlatforms) = postSolution
		{1F7C2985-1BF7-4DF7-9F07-06E32422AB22}.Debug|Any CPU.ActiveCfg = Debug|Any CPU
		{1F7C2985-1BF7-4DF7-9F07-06E32422AB22}.Debug|Any CPU.Build.0 = Debug|Any CPU
		{1F7C2985-1BF7-4DF7-9F07-06E32422AB22}.Release|Any CPU.ActiveCfg = Release|Any CPU
		{1F7C2985-1BF7-4DF7-9F07-06E32422AB22}.Release|Any CPU.Build.0 = Release|Any CPU
		{F9C02D02-D700-4B9A-91C5-E41FB5A2DA33}.Debug|Any CPU.ActiveCfg = Debug|Any CPU
		{F9C02D02-D700-4B9A-91C5-E41FB5A2DA33}.Debug|Any CPU.Build.0 = Debug|Any CPU
		{F9C02D02-D700-4B9A-91C5-E41FB5A2DA33}.Release|Any CPU.ActiveCfg = Release|Any CPU
		{F9C02D02-D700-4B9A-91C5-E41FB5A2DA33}.Release|Any CPU.Build.0 = Release|Any CPU
		{18910DBA-344E-4399-9125-D3AE0B787A8A}.Debug|Any CPU.ActiveCfg = Debug|Any CPU
		{18910DBA-344E-4399-9125-D3AE0B787A8A}.Debug|Any CPU.Build.0 = Debug|Any CPU
		{18910DBA-344E-4399-9125-D3AE0B787A8A}.Release|Any CPU.ActiveCfg = Release|Any CPU
		{18910DBA-344E-4399-9125-D3AE0B787A8A}.Release|Any CPU.Build.0 = Release|Any CPU
		{0DC886DB-9C67-4263-A0AD-C59B2D57B524}.Debug|Any CPU.ActiveCfg = Debug|Any CPU
		{0DC886DB-9C67-4263-A0AD-C59B2D57B524}.Debug|Any CPU.Build.0 = Debug|Any CPU
		{0DC886DB-9C67-4263-A0AD-C59B2D57B524}.Release|Any CPU.ActiveCfg = Release|Any CPU
		{0DC886DB-9C67-4263-A0AD-C59B2D57B524}.Release|Any CPU.Build.0 = Release|Any CPU
		{F85AA3EC-F4F7-465B-9E4D-4435B557874E}.Debug|Any CPU.ActiveCfg = Debug|Any CPU
		{F85AA3EC-F4F7-465B-9E4D-4435B557874E}.Debug|Any CPU.Build.0 = Debug|Any CPU
		{F85AA3EC-F4F7-465B-9E4D-4435B557874E}.Release|Any CPU.ActiveCfg = Release|Any CPU
		{F85AA3EC-F4F7-465B-9E4D-4435B557874E}.Release|Any CPU.Build.0 = Release|Any CPU
		{CC50EF6B-D0FD-45A7-8965-FA1E3BD65B4E}.Debug|Any CPU.ActiveCfg = Debug|Any CPU
		{CC50EF6B-D0FD-45A7-8965-FA1E3BD65B4E}.Debug|Any CPU.Build.0 = Debug|Any CPU
		{CC50EF6B-D0FD-45A7-8965-FA1E3BD65B4E}.Release|Any CPU.ActiveCfg = Release|Any CPU
		{CC50EF6B-D0FD-45A7-8965-FA1E3BD65B4E}.Release|Any CPU.Build.0 = Release|Any CPU
		{081AAACD-BD75-4A3F-AEDA-7F00E21AE075}.Debug|Any CPU.ActiveCfg = Debug|Any CPU
		{081AAACD-BD75-4A3F-AEDA-7F00E21AE075}.Debug|Any CPU.Build.0 = Debug|Any CPU
		{081AAACD-BD75-4A3F-AEDA-7F00E21AE075}.Release|Any CPU.ActiveCfg = Release|Any CPU
		{081AAACD-BD75-4A3F-AEDA-7F00E21AE075}.Release|Any CPU.Build.0 = Release|Any CPU
		{161E141E-0C9D-40E7-A9DB-81D2FAB0D9E6}.Debug|Any CPU.ActiveCfg = Debug|Any CPU
		{161E141E-0C9D-40E7-A9DB-81D2FAB0D9E6}.Debug|Any CPU.Build.0 = Debug|Any CPU
		{161E141E-0C9D-40E7-A9DB-81D2FAB0D9E6}.Release|Any CPU.ActiveCfg = Release|Any CPU
		{161E141E-0C9D-40E7-A9DB-81D2FAB0D9E6}.Release|Any CPU.Build.0 = Release|Any CPU
		{80403328-76E0-4272-96A2-310F856B0AC5}.Debug|Any CPU.ActiveCfg = Debug|Any CPU
		{80403328-76E0-4272-96A2-310F856B0AC5}.Debug|Any CPU.Build.0 = Debug|Any CPU
		{80403328-76E0-4272-96A2-310F856B0AC5}.Release|Any CPU.ActiveCfg = Release|Any CPU
		{80403328-76E0-4272-96A2-310F856B0AC5}.Release|Any CPU.Build.0 = Release|Any CPU
		{C43A0CC5-4730-4789-B7D0-37DD158794CE}.Debug|Any CPU.ActiveCfg = Debug|Any CPU
		{C43A0CC5-4730-4789-B7D0-37DD158794CE}.Debug|Any CPU.Build.0 = Debug|Any CPU
		{C43A0CC5-4730-4789-B7D0-37DD158794CE}.Release|Any CPU.ActiveCfg = Release|Any CPU
		{C43A0CC5-4730-4789-B7D0-37DD158794CE}.Release|Any CPU.Build.0 = Release|Any CPU
	EndGlobalSection
	GlobalSection(SolutionProperties) = preSolution
		HideSolutionNode = FALSE
	EndGlobalSection
	GlobalSection(NestedProjects) = preSolution
		{1F7C2985-1BF7-4DF7-9F07-06E32422AB22} = {1354E036-8895-4D6F-A34A-C2315256FBF7}
		{F9C02D02-D700-4B9A-91C5-E41FB5A2DA33} = {1354E036-8895-4D6F-A34A-C2315256FBF7}
		{18910DBA-344E-4399-9125-D3AE0B787A8A} = {1354E036-8895-4D6F-A34A-C2315256FBF7}
		{0DC886DB-9C67-4263-A0AD-C59B2D57B524} = {1354E036-8895-4D6F-A34A-C2315256FBF7}
		{F85AA3EC-F4F7-465B-9E4D-4435B557874E} = {1354E036-8895-4D6F-A34A-C2315256FBF7}
		{CC50EF6B-D0FD-45A7-8965-FA1E3BD65B4E} = {1354E036-8895-4D6F-A34A-C2315256FBF7}
		{081AAACD-BD75-4A3F-AEDA-7F00E21AE075} = {1354E036-8895-4D6F-A34A-C2315256FBF7}
		{161E141E-0C9D-40E7-A9DB-81D2FAB0D9E6} = {1354E036-8895-4D6F-A34A-C2315256FBF7}
		{80403328-76E0-4272-96A2-310F856B0AC5} = {8B0FD924-5133-4598-9118-EA6B958C8015}
		{C43A0CC5-4730-4789-B7D0-37DD158794CE} = {8B0FD924-5133-4598-9118-EA6B958C8015}
	EndGlobalSection
	GlobalSection(ExtensibilityGlobals) = postSolution
		SolutionGuid = {1481250A-7D29-4A41-A98E-B00767213E6E}
	EndGlobalSection
EndGlobal
